
Microsoft Visual Studio Solution File, Format Version 12.00
# Visual Studio Version 17
VisualStudioVersion = 17.7.34202.233
MinimumVisualStudioVersion = 10.0.40219.1
Project("{8BC9CEB8-8B4A-11D0-8D11-00A0C91BC942}") = "Game_SC", "Game_SC\Game_SC.vcxproj", "{CBDD3FE9-D918-464E-970B-CF08792C1EFE}"
EndProject
Project("{8BC9CEB8-8B4A-11D0-8D11-00A0C91BC942}") = "Orchid", "Orchid\Orchid.vcxproj", "{223F5B59-B631-456D-A344-9147F79F9F38}"
EndProject
Project("{8BC9CEB8-8B4A-11D0-8D11-00A0C91BC942}") = "glfw", "glfw_proj\src\glfw.vcxproj", "{A97D9985-E39E-3CE2-B99E-27A4F3F6380A}"
EndProject
Project("{8BC9CEB8-8B4A-11D0-8D11-00A0C91BC942}") = "glad", "glad\glad.vcxproj", "{1E2FEF0E-54D1-4B3F-879E-625A0C6F87CE}"
EndProject
Project("{8BC9CEB8-8B4A-11D0-8D11-00A0C91BC942}") = "stbi", "stbi\stbi.vcxproj", "{7C2CCCE3-C7AB-4CFD-A588-8219A851FE0B}"
EndProject
Global
	GlobalSection(SolutionConfigurationPlatforms) = preSolution
		Debug|x64 = Debug|x64
		Debug|x86 = Debug|x86
		MinSizeRel|x64 = MinSizeRel|x64
		MinSizeRel|x86 = MinSizeRel|x86
		Release|x64 = Release|x64
		Release|x86 = Release|x86
		RelWithDebInfo|x64 = RelWithDebInfo|x64
		RelWithDebInfo|x86 = RelWithDebInfo|x86
	EndGlobalSection
	GlobalSection(ProjectConfigurationPlatforms) = postSolution
		{CBDD3FE9-D918-464E-970B-CF08792C1EFE}.Debug|x64.ActiveCfg = Debug|x64
		{CBDD3FE9-D918-464E-970B-CF08792C1EFE}.Debug|x64.Build.0 = Debug|x64
		{CBDD3FE9-D918-464E-970B-CF08792C1EFE}.Debug|x86.ActiveCfg = Debug|Win32
		{CBDD3FE9-D918-464E-970B-CF08792C1EFE}.Debug|x86.Build.0 = Debug|Win32
		{CBDD3FE9-D918-464E-970B-CF08792C1EFE}.MinSizeRel|x64.ActiveCfg = Release|x64
		{CBDD3FE9-D918-464E-970B-CF08792C1EFE}.MinSizeRel|x64.Build.0 = Release|x64
		{CBDD3FE9-D918-464E-970B-CF08792C1EFE}.MinSizeRel|x86.ActiveCfg = Debug|Win32
		{CBDD3FE9-D918-464E-970B-CF08792C1EFE}.MinSizeRel|x86.Build.0 = Debug|Win32
		{CBDD3FE9-D918-464E-970B-CF08792C1EFE}.Release|x64.ActiveCfg = Release|x64
		{CBDD3FE9-D918-464E-970B-CF08792C1EFE}.Release|x64.Build.0 = Release|x64
		{CBDD3FE9-D918-464E-970B-CF08792C1EFE}.Release|x86.ActiveCfg = Release|Win32
		{CBDD3FE9-D918-464E-970B-CF08792C1EFE}.Release|x86.Build.0 = Release|Win32
		{CBDD3FE9-D918-464E-970B-CF08792C1EFE}.RelWithDebInfo|x64.ActiveCfg = Release|x64
		{CBDD3FE9-D918-464E-970B-CF08792C1EFE}.RelWithDebInfo|x64.Build.0 = Release|x64
		{CBDD3FE9-D918-464E-970B-CF08792C1EFE}.RelWithDebInfo|x86.ActiveCfg = Release|Win32
		{CBDD3FE9-D918-464E-970B-CF08792C1EFE}.RelWithDebInfo|x86.Build.0 = Release|Win32
		{223F5B59-B631-456D-A344-9147F79F9F38}.Debug|x64.ActiveCfg = Debug|x64
		{223F5B59-B631-456D-A344-9147F79F9F38}.Debug|x64.Build.0 = Debug|x64
		{223F5B59-B631-456D-A344-9147F79F9F38}.Debug|x86.ActiveCfg = Debug|Win32
		{223F5B59-B631-456D-A344-9147F79F9F38}.Debug|x86.Build.0 = Debug|Win32
		{223F5B59-B631-456D-A344-9147F79F9F38}.MinSizeRel|x64.ActiveCfg = Release|x64
		{223F5B59-B631-456D-A344-9147F79F9F38}.MinSizeRel|x64.Build.0 = Release|x64
		{223F5B59-B631-456D-A344-9147F79F9F38}.MinSizeRel|x86.ActiveCfg = Debug|Win32
		{223F5B59-B631-456D-A344-9147F79F9F38}.MinSizeRel|x86.Build.0 = Debug|Win32
		{223F5B59-B631-456D-A344-9147F79F9F38}.Release|x64.ActiveCfg = Release|x64
		{223F5B59-B631-456D-A344-9147F79F9F38}.Release|x64.Build.0 = Release|x64
		{223F5B59-B631-456D-A344-9147F79F9F38}.Release|x86.ActiveCfg = Release|Win32
		{223F5B59-B631-456D-A344-9147F79F9F38}.Release|x86.Build.0 = Release|Win32
		{223F5B59-B631-456D-A344-9147F79F9F38}.RelWithDebInfo|x64.ActiveCfg = Release|x64
		{223F5B59-B631-456D-A344-9147F79F9F38}.RelWithDebInfo|x64.Build.0 = Release|x64
		{223F5B59-B631-456D-A344-9147F79F9F38}.RelWithDebInfo|x86.ActiveCfg = Release|Win32
		{223F5B59-B631-456D-A344-9147F79F9F38}.RelWithDebInfo|x86.Build.0 = Release|Win32
		{A97D9985-E39E-3CE2-B99E-27A4F3F6380A}.Debug|x64.ActiveCfg = Debug|x64
		{A97D9985-E39E-3CE2-B99E-27A4F3F6380A}.Debug|x64.Build.0 = Debug|x64
		{A97D9985-E39E-3CE2-B99E-27A4F3F6380A}.Debug|x86.ActiveCfg = Debug|x64
		{A97D9985-E39E-3CE2-B99E-27A4F3F6380A}.Debug|x86.Build.0 = Debug|x64
		{A97D9985-E39E-3CE2-B99E-27A4F3F6380A}.MinSizeRel|x64.ActiveCfg = MinSizeRel|x64
		{A97D9985-E39E-3CE2-B99E-27A4F3F6380A}.MinSizeRel|x64.Build.0 = MinSizeRel|x64
		{A97D9985-E39E-3CE2-B99E-27A4F3F6380A}.MinSizeRel|x86.ActiveCfg = MinSizeRel|x64
		{A97D9985-E39E-3CE2-B99E-27A4F3F6380A}.MinSizeRel|x86.Build.0 = MinSizeRel|x64
		{A97D9985-E39E-3CE2-B99E-27A4F3F6380A}.Release|x64.ActiveCfg = Release|x64
		{A97D9985-E39E-3CE2-B99E-27A4F3F6380A}.Release|x64.Build.0 = Release|x64
		{A97D9985-E39E-3CE2-B99E-27A4F3F6380A}.Release|x86.ActiveCfg = Release|x64
		{A97D9985-E39E-3CE2-B99E-27A4F3F6380A}.Release|x86.Build.0 = Release|x64
		{A97D9985-E39E-3CE2-B99E-27A4F3F6380A}.RelWithDebInfo|x64.ActiveCfg = RelWithDebInfo|x64
		{A97D9985-E39E-3CE2-B99E-27A4F3F6380A}.RelWithDebInfo|x64.Build.0 = RelWithDebInfo|x64
		{A97D9985-E39E-3CE2-B99E-27A4F3F6380A}.RelWithDebInfo|x86.ActiveCfg = RelWithDebInfo|x64
		{A97D9985-E39E-3CE2-B99E-27A4F3F6380A}.RelWithDebInfo|x86.Build.0 = RelWithDebInfo|x64
		{1E2FEF0E-54D1-4B3F-879E-625A0C6F87CE}.Debug|x64.ActiveCfg = Debug|x64
		{1E2FEF0E-54D1-4B3F-879E-625A0C6F87CE}.Debug|x64.Build.0 = Debug|x64
		{1E2FEF0E-54D1-4B3F-879E-625A0C6F87CE}.Debug|x86.ActiveCfg = Debug|Win32
		{1E2FEF0E-54D1-4B3F-879E-625A0C6F87CE}.Debug|x86.Build.0 = Debug|Win32
		{1E2FEF0E-54D1-4B3F-879E-625A0C6F87CE}.MinSizeRel|x64.ActiveCfg = Debug|x64
		{1E2FEF0E-54D1-4B3F-879E-625A0C6F87CE}.MinSizeRel|x64.Build.0 = Debug|x64
		{1E2FEF0E-54D1-4B3F-879E-625A0C6F87CE}.MinSizeRel|x86.ActiveCfg = Debug|Win32
		{1E2FEF0E-54D1-4B3F-879E-625A0C6F87CE}.MinSizeRel|x86.Build.0 = Debug|Win32
		{1E2FEF0E-54D1-4B3F-879E-625A0C6F87CE}.Release|x64.ActiveCfg = Release|x64
		{1E2FEF0E-54D1-4B3F-879E-625A0C6F87CE}.Release|x64.Build.0 = Release|x64
		{1E2FEF0E-54D1-4B3F-879E-625A0C6F87CE}.Release|x86.ActiveCfg = Release|Win32
		{1E2FEF0E-54D1-4B3F-879E-625A0C6F87CE}.Release|x86.Build.0 = Release|Win32
		{1E2FEF0E-54D1-4B3F-879E-625A0C6F87CE}.RelWithDebInfo|x64.ActiveCfg = Release|x64
		{1E2FEF0E-54D1-4B3F-879E-625A0C6F87CE}.RelWithDebInfo|x64.Build.0 = Release|x64
		{1E2FEF0E-54D1-4B3F-879E-625A0C6F87CE}.RelWithDebInfo|x86.ActiveCfg = Release|Win32
		{1E2FEF0E-54D1-4B3F-879E-625A0C6F87CE}.RelWithDebInfo|x86.Build.0 = Release|Win32
		{7C2CCCE3-C7AB-4CFD-A588-8219A851FE0B}.Debug|x64.ActiveCfg = Debug|x64
		{7C2CCCE3-C7AB-4CFD-A588-8219A851FE0B}.Debug|x64.Build.0 = Debug|x64
		{7C2CCCE3-C7AB-4CFD-A588-8219A851FE0B}.Debug|x86.ActiveCfg = Debug|Win32
		{7C2CCCE3-C7AB-4CFD-A588-8219A851FE0B}.Debug|x86.Build.0 = Debug|Win32
		{7C2CCCE3-C7AB-4CFD-A588-8219A851FE0B}.MinSizeRel|x64.ActiveCfg = Debug|x64
		{7C2CCCE3-C7AB-4CFD-A588-8219A851FE0B}.MinSizeRel|x64.Build.0 = Debug|x64
		{7C2CCCE3-C7AB-4CFD-A588-8219A851FE0B}.MinSizeRel|x86.ActiveCfg = Debug|Win32
		{7C2CCCE3-C7AB-4CFD-A588-8219A851FE0B}.MinSizeRel|x86.Build.0 = Debug|Win32
		{7C2CCCE3-C7AB-4CFD-A588-8219A851FE0B}.Release|x64.ActiveCfg = Release|x64
		{7C2CCCE3-C7AB-4CFD-A588-8219A851FE0B}.Release|x64.Build.0 = Release|x64
		{7C2CCCE3-C7AB-4CFD-A588-8219A851FE0B}.Release|x86.ActiveCfg = Release|Win32
		{7C2CCCE3-C7AB-4CFD-A588-8219A851FE0B}.Release|x86.Build.0 = Release|Win32
		{7C2CCCE3-C7AB-4CFD-A588-8219A851FE0B}.RelWithDebInfo|x64.ActiveCfg = Release|x64
		{7C2CCCE3-C7AB-4CFD-A588-8219A851FE0B}.RelWithDebInfo|x64.Build.0 = Release|x64
		{7C2CCCE3-C7AB-4CFD-A588-8219A851FE0B}.RelWithDebInfo|x86.ActiveCfg = Release|Win32
		{7C2CCCE3-C7AB-4CFD-A588-8219A851FE0B}.RelWithDebInfo|x86.Build.0 = Release|Win32
	EndGlobalSection
	GlobalSection(SolutionProperties) = preSolution
		HideSolutionNode = FALSE
	EndGlobalSection
	GlobalSection(ExtensibilityGlobals) = postSolution
		SolutionGuid = {683307BC-4797-4A49-A1F6-46AC4406EE6C}
	EndGlobalSection
EndGlobal
